
Microsoft Visual Studio Solution File, Format Version 12.00
# Visual Studio Version 16
VisualStudioVersion = 16.0.31313.79
MinimumVisualStudioVersion = 10.0.40219.1
Project("{FAE04EC0-301F-11D3-BF4B-00C04F79EFBC}") = "4 B4RB", "4 B4RB.csproj", "{CF69AB33-7488-41D7-A370-35E8DA2490C3}"
EndProject
Global
	GlobalSection(SolutionConfigurationPlatforms) = preSolution
		Debug|Any CPU = Debug|Any CPU
		Release|Any CPU = Release|Any CPU
	EndGlobalSection
	GlobalSection(ProjectConfigurationPlatforms) = postSolution
		{CF69AB33-7488-41D7-A370-35E8DA2490C3}.Debug|Any CPU.ActiveCfg = Debug|Any CPU
		{CF69AB33-7488-41D7-A370-35E8DA2490C3}.Debug|Any CPU.Build.0 = Debug|Any CPU
		{CF69AB33-7488-41D7-A370-35E8DA2490C3}.Release|Any CPU.ActiveCfg = Release|Any CPU
		{CF69AB33-7488-41D7-A370-35E8DA2490C3}.Release|Any CPU.Build.0 = Release|Any CPU
	EndGlobalSection
	GlobalSection(SolutionProperties) = preSolution
		HideSolutionNode = FALSE
	EndGlobalSection
	GlobalSection(ExtensibilityGlobals) = postSolution
		SolutionGuid = {3C0DFC2C-7740-4B73-A8CD-0644C5E9159D}
	EndGlobalSection
EndGlobal
